
Microsoft Visual Studio Solution File, Format Version 12.00
# Visual Studio Version 17
VisualStudioVersion = 17.3.32811.315
MinimumVisualStudioVersion = 10.0.40219.1
Project("{8BC9CEB8-8B4A-11D0-8D11-00A0C91BC942}") = "KomputeRasterization", "KomputeRasterization.vcxproj", "{B0B857FE-E3BA-4040-9ED1-B3F2FFE45EE2}"
EndProject
Global
	GlobalSection(SolutionConfigurationPlatforms) = preSolution
		Debug|x64 = Debug|x64
		DebugAsan|x64 = DebugAsan|x64
		Release|x64 = Release|x64
	EndGlobalSection
	GlobalSection(ProjectConfigurationPlatforms) = postSolution
		{B0B857FE-E3BA-4040-9ED1-B3F2FFE45EE2}.Debug|x64.ActiveCfg = Debug|x64
		{B0B857FE-E3BA-4040-9ED1-B3F2FFE45EE2}.Debug|x64.Build.0 = Debug|x64
		{B0B857FE-E3BA-4040-9ED1-B3F2FFE45EE2}.DebugAsan|x64.ActiveCfg = DebugAsan|x64
		{B0B857FE-E3BA-4040-9ED1-B3F2FFE45EE2}.DebugAsan|x64.Build.0 = DebugAsan|x64
		{B0B857FE-E3BA-4040-9ED1-B3F2FFE45EE2}.Release|x64.ActiveCfg = Release|x64
		{B0B857FE-E3BA-4040-9ED1-B3F2FFE45EE2}.Release|x64.Build.0 = Release|x64
	EndGlobalSection
	GlobalSection(SolutionProperties) = preSolution
		HideSolutionNode = FALSE
	EndGlobalSection
	GlobalSection(ExtensibilityGlobals) = postSolution
		SolutionGuid = {EA604CC7-5B4D-4703-9371-DBDEE8E9384D}
	EndGlobalSection
EndGlobal
